%{"aws_auth": {:hex, :aws_auth, "0.2.3"},
  "ex_aws": {:git, "git://github.com/cargosense/ex_aws.git", "956e77829565745b9d191ed8daed9c0f1ec31b5a", [branch: "fix_42"]},
  "hackney": {:hex, :hackney, "1.1.0"},
  "httpoison": {:hex, :httpoison, "0.6.2"},
  "idna": {:hex, :idna, "1.0.2"},
  "poison": {:hex, :poison, "1.2.1"},
  "ssl_verify_hostname": {:hex, :ssl_verify_hostname, "1.0.5"},
  "timex": {:hex, :timex, "0.13.5"}}
